// !$*UTF8*$!
{
	archiveVersion = 1;
	classes = {
	};
	objectVersion = 55;
	objects = {

/* Begin PBXBuildFile section */
		494A26A7CB54D8B6BBEB53F9 /* Pods_RockPaperScissors.framework in Frameworks */ = {isa = PBXBuildFile; fileRef = 982DE67F5ECB3F4FC897A901 /* Pods_RockPaperScissors.framework */; };
		7095CB5C2784C5C5002C9911 /* RockPaperScissorsApp.swift in Sources */ = {isa = PBXBuildFile; fileRef = 7095CB5B2784C5C5002C9911 /* RockPaperScissorsApp.swift */; };
		7095CB5E2784C5C5002C9911 /* StartingView.swift in Sources */ = {isa = PBXBuildFile; fileRef = 7095CB5D2784C5C5002C9911 /* StartingView.swift */; };
		7095CB602784C5C6002C9911 /* Assets.xcassets in Resources */ = {isa = PBXBuildFile; fileRef = 7095CB5F2784C5C6002C9911 /* Assets.xcassets */; };
		7095CB632784C5C6002C9911 /* Preview Assets.xcassets in Resources */ = {isa = PBXBuildFile; fileRef = 7095CB622784C5C6002C9911 /* Preview Assets.xcassets */; };
		7095CB6D2784C5C6002C9911 /* RockPaperScissorsTests.swift in Sources */ = {isa = PBXBuildFile; fileRef = 7095CB6C2784C5C6002C9911 /* RockPaperScissorsTests.swift */; };
		70984A90278CC66B004427AE /* BaseView.swift in Sources */ = {isa = PBXBuildFile; fileRef = 70984A8F278CC66B004427AE /* BaseView.swift */; };
		70984A92278CC6B1004427AE /* BaseAlert.swift in Sources */ = {isa = PBXBuildFile; fileRef = 70984A91278CC6B1004427AE /* BaseAlert.swift */; };
		70984A94278CC799004427AE /* GameView.swift in Sources */ = {isa = PBXBuildFile; fileRef = 70984A93278CC799004427AE /* GameView.swift */; };
		70984A96278CC993004427AE /* BaseTextLink.swift in Sources */ = {isa = PBXBuildFile; fileRef = 70984A95278CC993004427AE /* BaseTextLink.swift */; };
		70984A98278CCA3D004427AE /* BaseLoader.swift in Sources */ = {isa = PBXBuildFile; fileRef = 70984A97278CCA3D004427AE /* BaseLoader.swift */; };
		70984A9C278DABE8004427AE /* GameViewModel.swift in Sources */ = {isa = PBXBuildFile; fileRef = 70984A9B278DABE8004427AE /* GameViewModel.swift */; };
		70984A9E278DAC14004427AE /* BaseViewModel.swift in Sources */ = {isa = PBXBuildFile; fileRef = 70984A9D278DAC14004427AE /* BaseViewModel.swift */; };
		70984AA1278DB0A1004427AE /* Date+Extension.swift in Sources */ = {isa = PBXBuildFile; fileRef = 70984AA0278DB0A1004427AE /* Date+Extension.swift */; };
		70984AA4278DC43C004427AE /* TimeHelper.swift in Sources */ = {isa = PBXBuildFile; fileRef = 70984AA3278DC43C004427AE /* TimeHelper.swift */; };
		70984AA6278DC98D004427AE /* ResultCalculator.swift in Sources */ = {isa = PBXBuildFile; fileRef = 70984AA5278DC98D004427AE /* ResultCalculator.swift */; };
		70D28E742785BEDC007886A2 /* RequestBuilder.swift in Sources */ = {isa = PBXBuildFile; fileRef = 70D28E732785BEDC007886A2 /* RequestBuilder.swift */; };
		70D28E772785BF3E007886A2 /* Network.swift in Sources */ = {isa = PBXBuildFile; fileRef = 70D28E762785BF3E007886A2 /* Network.swift */; };
		70D28E792785BFE8007886A2 /* BTCResponse.swift in Sources */ = {isa = PBXBuildFile; fileRef = 70D28E782785BFE8007886A2 /* BTCResponse.swift */; };
		70D28E7B2785C6AE007886A2 /* Repository.swift in Sources */ = {isa = PBXBuildFile; fileRef = 70D28E7A2785C6AE007886A2 /* Repository.swift */; };
		98CFD107683E19FBF189FE1B /* Pods_RockPaperScissorsTests.framework in Frameworks */ = {isa = PBXBuildFile; fileRef = 4961FA3F8565FBC4AB25300F /* Pods_RockPaperScissorsTests.framework */; };
		E075149B659F7782E5AF4B98 /* Pods_RockPaperScissors_RockPaperScissorsUITests.framework in Frameworks */ = {isa = PBXBuildFile; fileRef = 706D150CEDEF8AFADDD79314 /* Pods_RockPaperScissors_RockPaperScissorsUITests.framework */; };
/* End PBXBuildFile section */

/* Begin PBXContainerItemProxy section */
		7095CB692784C5C6002C9911 /* PBXContainerItemProxy */ = {
			isa = PBXContainerItemProxy;
			containerPortal = 7095CB502784C5C5002C9911 /* Project object */;
			proxyType = 1;
			remoteGlobalIDString = 7095CB572784C5C5002C9911;
			remoteInfo = RockPaperScissors;
		};
		7095CB732784C5C6002C9911 /* PBXContainerItemProxy */ = {
			isa = PBXContainerItemProxy;
			containerPortal = 7095CB502784C5C5002C9911 /* Project object */;
			proxyType = 1;
			remoteGlobalIDString = 7095CB572784C5C5002C9911;
			remoteInfo = RockPaperScissors;
		};
/* End PBXContainerItemProxy section */

/* Begin PBXFileReference section */
		40F0E50829158B170DB6B00F /* Pods-RockPaperScissorsTests.debug.xcconfig */ = {isa = PBXFileReference; includeInIndex = 1; lastKnownFileType = text.xcconfig; name = "Pods-RockPaperScissorsTests.debug.xcconfig"; path = "Target Support Files/Pods-RockPaperScissorsTests/Pods-RockPaperScissorsTests.debug.xcconfig"; sourceTree = "<group>"; };
		4961FA3F8565FBC4AB25300F /* Pods_RockPaperScissorsTests.framework */ = {isa = PBXFileReference; explicitFileType = wrapper.framework; includeInIndex = 0; path = Pods_RockPaperScissorsTests.framework; sourceTree = BUILT_PRODUCTS_DIR; };
		547DE9C421849B8BB872C37E /* Pods-RockPaperScissors-RockPaperScissorsUITests.debug.xcconfig */ = {isa = PBXFileReference; includeInIndex = 1; lastKnownFileType = text.xcconfig; name = "Pods-RockPaperScissors-RockPaperScissorsUITests.debug.xcconfig"; path = "Target Support Files/Pods-RockPaperScissors-RockPaperScissorsUITests/Pods-RockPaperScissors-RockPaperScissorsUITests.debug.xcconfig"; sourceTree = "<group>"; };
		5A81A460288A2C166CE43115 /* Pods-RockPaperScissors-RockPaperScissorsUITests.release.xcconfig */ = {isa = PBXFileReference; includeInIndex = 1; lastKnownFileType = text.xcconfig; name = "Pods-RockPaperScissors-RockPaperScissorsUITests.release.xcconfig"; path = "Target Support Files/Pods-RockPaperScissors-RockPaperScissorsUITests/Pods-RockPaperScissors-RockPaperScissorsUITests.release.xcconfig"; sourceTree = "<group>"; };
		706D150CEDEF8AFADDD79314 /* Pods_RockPaperScissors_RockPaperScissorsUITests.framework */ = {isa = PBXFileReference; explicitFileType = wrapper.framework; includeInIndex = 0; path = Pods_RockPaperScissors_RockPaperScissorsUITests.framework; sourceTree = BUILT_PRODUCTS_DIR; };
		7095CB582784C5C5002C9911 /* RockPaperScissors.app */ = {isa = PBXFileReference; explicitFileType = wrapper.application; includeInIndex = 0; path = RockPaperScissors.app; sourceTree = BUILT_PRODUCTS_DIR; };
		7095CB5B2784C5C5002C9911 /* RockPaperScissorsApp.swift */ = {isa = PBXFileReference; lastKnownFileType = sourcecode.swift; path = RockPaperScissorsApp.swift; sourceTree = "<group>"; };
		7095CB5D2784C5C5002C9911 /* StartingView.swift */ = {isa = PBXFileReference; lastKnownFileType = sourcecode.swift; path = StartingView.swift; sourceTree = "<group>"; };
		7095CB5F2784C5C6002C9911 /* Assets.xcassets */ = {isa = PBXFileReference; lastKnownFileType = folder.assetcatalog; path = Assets.xcassets; sourceTree = "<group>"; };
		7095CB622784C5C6002C9911 /* Preview Assets.xcassets */ = {isa = PBXFileReference; lastKnownFileType = folder.assetcatalog; path = "Preview Assets.xcassets"; sourceTree = "<group>"; };
		7095CB682784C5C6002C9911 /* RockPaperScissorsTests.xctest */ = {isa = PBXFileReference; explicitFileType = wrapper.cfbundle; includeInIndex = 0; path = RockPaperScissorsTests.xctest; sourceTree = BUILT_PRODUCTS_DIR; };
		7095CB6C2784C5C6002C9911 /* RockPaperScissorsTests.swift */ = {isa = PBXFileReference; lastKnownFileType = sourcecode.swift; path = RockPaperScissorsTests.swift; sourceTree = "<group>"; };
		7095CB722784C5C6002C9911 /* RockPaperScissorsUITests.xctest */ = {isa = PBXFileReference; explicitFileType = wrapper.cfbundle; includeInIndex = 0; path = RockPaperScissorsUITests.xctest; sourceTree = BUILT_PRODUCTS_DIR; };
		70984A8F278CC66B004427AE /* BaseView.swift */ = {isa = PBXFileReference; lastKnownFileType = sourcecode.swift; path = BaseView.swift; sourceTree = "<group>"; };
		70984A91278CC6B1004427AE /* BaseAlert.swift */ = {isa = PBXFileReference; lastKnownFileType = sourcecode.swift; path = BaseAlert.swift; sourceTree = "<group>"; };
		70984A93278CC799004427AE /* GameView.swift */ = {isa = PBXFileReference; lastKnownFileType = sourcecode.swift; path = GameView.swift; sourceTree = "<group>"; };
		70984A95278CC993004427AE /* BaseTextLink.swift */ = {isa = PBXFileReference; lastKnownFileType = sourcecode.swift; path = BaseTextLink.swift; sourceTree = "<group>"; };
		70984A97278CCA3D004427AE /* BaseLoader.swift */ = {isa = PBXFileReference; lastKnownFileType = sourcecode.swift; path = BaseLoader.swift; sourceTree = "<group>"; };
		70984A9B278DABE8004427AE /* GameViewModel.swift */ = {isa = PBXFileReference; lastKnownFileType = sourcecode.swift; path = GameViewModel.swift; sourceTree = "<group>"; };
		70984A9D278DAC14004427AE /* BaseViewModel.swift */ = {isa = PBXFileReference; lastKnownFileType = sourcecode.swift; path = BaseViewModel.swift; sourceTree = "<group>"; };
		70984AA0278DB0A1004427AE /* Date+Extension.swift */ = {isa = PBXFileReference; lastKnownFileType = sourcecode.swift; path = "Date+Extension.swift"; sourceTree = "<group>"; };
		70984AA3278DC43C004427AE /* TimeHelper.swift */ = {isa = PBXFileReference; lastKnownFileType = sourcecode.swift; path = TimeHelper.swift; sourceTree = "<group>"; };
		70984AA5278DC98D004427AE /* ResultCalculator.swift */ = {isa = PBXFileReference; lastKnownFileType = sourcecode.swift; path = ResultCalculator.swift; sourceTree = "<group>"; };
		70D28E732785BEDC007886A2 /* RequestBuilder.swift */ = {isa = PBXFileReference; lastKnownFileType = sourcecode.swift; path = RequestBuilder.swift; sourceTree = "<group>"; };
		70D28E762785BF3E007886A2 /* Network.swift */ = {isa = PBXFileReference; lastKnownFileType = sourcecode.swift; path = Network.swift; sourceTree = "<group>"; };
		70D28E782785BFE8007886A2 /* BTCResponse.swift */ = {isa = PBXFileReference; lastKnownFileType = sourcecode.swift; path = BTCResponse.swift; sourceTree = "<group>"; };
		70D28E7A2785C6AE007886A2 /* Repository.swift */ = {isa = PBXFileReference; lastKnownFileType = sourcecode.swift; path = Repository.swift; sourceTree = "<group>"; };
		70FDC0B32784C84000AA8478 /* Info.plist */ = {isa = PBXFileReference; lastKnownFileType = text.plist; path = Info.plist; sourceTree = "<group>"; };
		982DE67F5ECB3F4FC897A901 /* Pods_RockPaperScissors.framework */ = {isa = PBXFileReference; explicitFileType = wrapper.framework; includeInIndex = 0; path = Pods_RockPaperScissors.framework; sourceTree = BUILT_PRODUCTS_DIR; };
		AEB63E9A00D7DBABC4E05507 /* Pods-RockPaperScissorsTests.release.xcconfig */ = {isa = PBXFileReference; includeInIndex = 1; lastKnownFileType = text.xcconfig; name = "Pods-RockPaperScissorsTests.release.xcconfig"; path = "Target Support Files/Pods-RockPaperScissorsTests/Pods-RockPaperScissorsTests.release.xcconfig"; sourceTree = "<group>"; };
		CAA451548FCDB6F9D050F918 /* Pods-RockPaperScissors.release.xcconfig */ = {isa = PBXFileReference; includeInIndex = 1; lastKnownFileType = text.xcconfig; name = "Pods-RockPaperScissors.release.xcconfig"; path = "Target Support Files/Pods-RockPaperScissors/Pods-RockPaperScissors.release.xcconfig"; sourceTree = "<group>"; };
		CB0B75106DA5950AFAFF1E7E /* Pods-RockPaperScissors.debug.xcconfig */ = {isa = PBXFileReference; includeInIndex = 1; lastKnownFileType = text.xcconfig; name = "Pods-RockPaperScissors.debug.xcconfig"; path = "Target Support Files/Pods-RockPaperScissors/Pods-RockPaperScissors.debug.xcconfig"; sourceTree = "<group>"; };
/* End PBXFileReference section */

/* Begin PBXFrameworksBuildPhase section */
		7095CB552784C5C5002C9911 /* Frameworks */ = {
			isa = PBXFrameworksBuildPhase;
			buildActionMask = 2147483647;
			files = (
				494A26A7CB54D8B6BBEB53F9 /* Pods_RockPaperScissors.framework in Frameworks */,
			);
			runOnlyForDeploymentPostprocessing = 0;
		};
		7095CB652784C5C6002C9911 /* Frameworks */ = {
			isa = PBXFrameworksBuildPhase;
			buildActionMask = 2147483647;
			files = (
				98CFD107683E19FBF189FE1B /* Pods_RockPaperScissorsTests.framework in Frameworks */,
			);
			runOnlyForDeploymentPostprocessing = 0;
		};
		7095CB6F2784C5C6002C9911 /* Frameworks */ = {
			isa = PBXFrameworksBuildPhase;
			buildActionMask = 2147483647;
			files = (
				E075149B659F7782E5AF4B98 /* Pods_RockPaperScissors_RockPaperScissorsUITests.framework in Frameworks */,
			);
			runOnlyForDeploymentPostprocessing = 0;
		};
/* End PBXFrameworksBuildPhase section */

/* Begin PBXGroup section */
		134834D61EB6F6D35C3218B8 /* Pods */ = {
			isa = PBXGroup;
			children = (
				CB0B75106DA5950AFAFF1E7E /* Pods-RockPaperScissors.debug.xcconfig */,
				CAA451548FCDB6F9D050F918 /* Pods-RockPaperScissors.release.xcconfig */,
				547DE9C421849B8BB872C37E /* Pods-RockPaperScissors-RockPaperScissorsUITests.debug.xcconfig */,
				5A81A460288A2C166CE43115 /* Pods-RockPaperScissors-RockPaperScissorsUITests.release.xcconfig */,
				40F0E50829158B170DB6B00F /* Pods-RockPaperScissorsTests.debug.xcconfig */,
				AEB63E9A00D7DBABC4E05507 /* Pods-RockPaperScissorsTests.release.xcconfig */,
			);
			path = Pods;
			sourceTree = "<group>";
		};
		5653A15052A34A2E205359C3 /* Frameworks */ = {
			isa = PBXGroup;
			children = (
				982DE67F5ECB3F4FC897A901 /* Pods_RockPaperScissors.framework */,
				706D150CEDEF8AFADDD79314 /* Pods_RockPaperScissors_RockPaperScissorsUITests.framework */,
				4961FA3F8565FBC4AB25300F /* Pods_RockPaperScissorsTests.framework */,
			);
			name = Frameworks;
			sourceTree = "<group>";
		};
		7095CB4F2784C5C5002C9911 = {
			isa = PBXGroup;
			children = (
				7095CB5A2784C5C5002C9911 /* RockPaperScissors */,
				7095CB6B2784C5C6002C9911 /* RockPaperScissorsTests */,
				7095CB592784C5C5002C9911 /* Products */,
				134834D61EB6F6D35C3218B8 /* Pods */,
				5653A15052A34A2E205359C3 /* Frameworks */,
			);
			sourceTree = "<group>";
		};
		7095CB592784C5C5002C9911 /* Products */ = {
			isa = PBXGroup;
			children = (
				7095CB582784C5C5002C9911 /* RockPaperScissors.app */,
				7095CB682784C5C6002C9911 /* RockPaperScissorsTests.xctest */,
				7095CB722784C5C6002C9911 /* RockPaperScissorsUITests.xctest */,
			);
			name = Products;
			sourceTree = "<group>";
		};
		7095CB5A2784C5C5002C9911 /* RockPaperScissors */ = {
			isa = PBXGroup;
			children = (
				70D28E712785BE94007886A2 /* API */,
				70D28E722785BEA1007886A2 /* UI */,
				70984A9F278DAEB1004427AE /* Helpers */,
				7095CB5F2784C5C6002C9911 /* Assets.xcassets */,
				70FDC0B32784C84000AA8478 /* Info.plist */,
				7095CB612784C5C6002C9911 /* Preview Content */,
			);
			path = RockPaperScissors;
			sourceTree = "<group>";
		};
		7095CB612784C5C6002C9911 /* Preview Content */ = {
			isa = PBXGroup;
			children = (
				7095CB622784C5C6002C9911 /* Preview Assets.xcassets */,
			);
			path = "Preview Content";
			sourceTree = "<group>";
		};
		7095CB6B2784C5C6002C9911 /* RockPaperScissorsTests */ = {
			isa = PBXGroup;
			children = (
				7095CB6C2784C5C6002C9911 /* RockPaperScissorsTests.swift */,
			);
			path = RockPaperScissorsTests;
			sourceTree = "<group>";
		};
		70984A8E278CC61F004427AE /* Base Elements */ = {
			isa = PBXGroup;
			children = (
				70984A8F278CC66B004427AE /* BaseView.swift */,
				70984A9D278DAC14004427AE /* BaseViewModel.swift */,
				70984A91278CC6B1004427AE /* BaseAlert.swift */,
				70984A95278CC993004427AE /* BaseTextLink.swift */,
				70984A97278CCA3D004427AE /* BaseLoader.swift */,
			);
			path = "Base Elements";
			sourceTree = "<group>";
		};
		70984A99278DABCB004427AE /* Starting */ = {
			isa = PBXGroup;
			children = (
				7095CB5D2784C5C5002C9911 /* StartingView.swift */,
			);
			path = Starting;
			sourceTree = "<group>";
		};
		70984A9A278DABD2004427AE /* Game */ = {
			isa = PBXGroup;
			children = (
				70984A93278CC799004427AE /* GameView.swift */,
				70984A9B278DABE8004427AE /* GameViewModel.swift */,
			);
			path = Game;
			sourceTree = "<group>";
		};
		70984A9F278DAEB1004427AE /* Helpers */ = {
			isa = PBXGroup;
			children = (
				70984AA2278DB0A9004427AE /* Extensions */,
				70984AA3278DC43C004427AE /* TimeHelper.swift */,
				70984AA5278DC98D004427AE /* ResultCalculator.swift */,
			);
			path = Helpers;
			sourceTree = "<group>";
		};
		70984AA2278DB0A9004427AE /* Extensions */ = {
			isa = PBXGroup;
			children = (
				70984AA0278DB0A1004427AE /* Date+Extension.swift */,
			);
			path = Extensions;
			sourceTree = "<group>";
		};
		70D28E712785BE94007886A2 /* API */ = {
			isa = PBXGroup;
			children = (
				70D28E752785BF30007886A2 /* Responses */,
				70D28E732785BEDC007886A2 /* RequestBuilder.swift */,
				70D28E762785BF3E007886A2 /* Network.swift */,
				70D28E7A2785C6AE007886A2 /* Repository.swift */,
			);
			path = API;
			sourceTree = "<group>";
		};
		70D28E722785BEA1007886A2 /* UI */ = {
			isa = PBXGroup;
			children = (
				70984A8E278CC61F004427AE /* Base Elements */,
				70984A9A278DABD2004427AE /* Game */,
				70984A99278DABCB004427AE /* Starting */,
				7095CB5B2784C5C5002C9911 /* RockPaperScissorsApp.swift */,
			);
			path = UI;
			sourceTree = "<group>";
		};
		70D28E752785BF30007886A2 /* Responses */ = {
			isa = PBXGroup;
			children = (
				70D28E782785BFE8007886A2 /* BTCResponse.swift */,
			);
			path = Responses;
			sourceTree = "<group>";
		};
/* End PBXGroup section */

/* Begin PBXNativeTarget section */
		7095CB572784C5C5002C9911 /* RockPaperScissors */ = {
			isa = PBXNativeTarget;
			buildConfigurationList = 7095CB7C2784C5C6002C9911 /* Build configuration list for PBXNativeTarget "RockPaperScissors" */;
			buildPhases = (
				5DAF420C2F2C70FFA7DEA541 /* [CP] Check Pods Manifest.lock */,
				7095CB542784C5C5002C9911 /* Sources */,
				7095CB552784C5C5002C9911 /* Frameworks */,
				7095CB562784C5C5002C9911 /* Resources */,
				132914EE6EE903EE64DF5C24 /* [CP] Embed Pods Frameworks */,
			);
			buildRules = (
			);
			dependencies = (
			);
			name = RockPaperScissors;
			productName = RockPaperScissors;
			productReference = 7095CB582784C5C5002C9911 /* RockPaperScissors.app */;
			productType = "com.apple.product-type.application";
		};
		7095CB672784C5C6002C9911 /* RockPaperScissorsTests */ = {
			isa = PBXNativeTarget;
			buildConfigurationList = 7095CB7F2784C5C6002C9911 /* Build configuration list for PBXNativeTarget "RockPaperScissorsTests" */;
			buildPhases = (
				00F617E5582C4AADEE170FD2 /* [CP] Check Pods Manifest.lock */,
				7095CB642784C5C6002C9911 /* Sources */,
				7095CB652784C5C6002C9911 /* Frameworks */,
				7095CB662784C5C6002C9911 /* Resources */,
			);
			buildRules = (
			);
			dependencies = (
				7095CB6A2784C5C6002C9911 /* PBXTargetDependency */,
			);
			name = RockPaperScissorsTests;
			productName = RockPaperScissorsTests;
			productReference = 7095CB682784C5C6002C9911 /* RockPaperScissorsTests.xctest */;
			productType = "com.apple.product-type.bundle.unit-test";
		};
		7095CB712784C5C6002C9911 /* RockPaperScissorsUITests */ = {
			isa = PBXNativeTarget;
			buildConfigurationList = 7095CB822784C5C6002C9911 /* Build configuration list for PBXNativeTarget "RockPaperScissorsUITests" */;
			buildPhases = (
				7C90B2B010DA620FA4F300BF /* [CP] Check Pods Manifest.lock */,
				7095CB6E2784C5C6002C9911 /* Sources */,
				7095CB6F2784C5C6002C9911 /* Frameworks */,
				7095CB702784C5C6002C9911 /* Resources */,
				2F53B89BFF2F83C634CB4A51 /* [CP] Embed Pods Frameworks */,
			);
			buildRules = (
			);
			dependencies = (
				7095CB742784C5C6002C9911 /* PBXTargetDependency */,
			);
			name = RockPaperScissorsUITests;
			productName = RockPaperScissorsUITests;
			productReference = 7095CB722784C5C6002C9911 /* RockPaperScissorsUITests.xctest */;
			productType = "com.apple.product-type.bundle.ui-testing";
		};
/* End PBXNativeTarget section */

/* Begin PBXProject section */
		7095CB502784C5C5002C9911 /* Project object */ = {
			isa = PBXProject;
			attributes = {
				BuildIndependentTargetsInParallel = 1;
				LastSwiftUpdateCheck = 1320;
				LastUpgradeCheck = 1320;
				TargetAttributes = {
					7095CB572784C5C5002C9911 = {
						CreatedOnToolsVersion = 13.2;
					};
					7095CB672784C5C6002C9911 = {
						CreatedOnToolsVersion = 13.2;
						TestTargetID = 7095CB572784C5C5002C9911;
					};
					7095CB712784C5C6002C9911 = {
						CreatedOnToolsVersion = 13.2;
						TestTargetID = 7095CB572784C5C5002C9911;
					};
				};
			};
			buildConfigurationList = 7095CB532784C5C5002C9911 /* Build configuration list for PBXProject "RockPaperScissors" */;
			compatibilityVersion = "Xcode 13.0";
			developmentRegion = en;
			hasScannedForEncodings = 0;
			knownRegions = (
				en,
				Base,
			);
			mainGroup = 7095CB4F2784C5C5002C9911;
			productRefGroup = 7095CB592784C5C5002C9911 /* Products */;
			projectDirPath = "";
			projectRoot = "";
			targets = (
				7095CB572784C5C5002C9911 /* RockPaperScissors */,
				7095CB672784C5C6002C9911 /* RockPaperScissorsTests */,
				7095CB712784C5C6002C9911 /* RockPaperScissorsUITests */,
			);
		};
/* End PBXProject section */

/* Begin PBXResourcesBuildPhase section */
		7095CB562784C5C5002C9911 /* Resources */ = {
			isa = PBXResourcesBuildPhase;
			buildActionMask = 2147483647;
			files = (
				7095CB632784C5C6002C9911 /* Preview Assets.xcassets in Resources */,
				7095CB602784C5C6002C9911 /* Assets.xcassets in Resources */,
			);
			runOnlyForDeploymentPostprocessing = 0;
		};
		7095CB662784C5C6002C9911 /* Resources */ = {
			isa = PBXResourcesBuildPhase;
			buildActionMask = 2147483647;
			files = (
			);
			runOnlyForDeploymentPostprocessing = 0;
		};
		7095CB702784C5C6002C9911 /* Resources */ = {
			isa = PBXResourcesBuildPhase;
			buildActionMask = 2147483647;
			files = (
			);
			runOnlyForDeploymentPostprocessing = 0;
		};
/* End PBXResourcesBuildPhase section */

/* Begin PBXShellScriptBuildPhase section */
		00F617E5582C4AADEE170FD2 /* [CP] Check Pods Manifest.lock */ = {
			isa = PBXShellScriptBuildPhase;
			buildActionMask = 2147483647;
			files = (
			);
			inputFileListPaths = (
			);
			inputPaths = (
				"${PODS_PODFILE_DIR_PATH}/Podfile.lock",
				"${PODS_ROOT}/Manifest.lock",
			);
			name = "[CP] Check Pods Manifest.lock";
			outputFileListPaths = (
			);
			outputPaths = (
				"$(DERIVED_FILE_DIR)/Pods-RockPaperScissorsTests-checkManifestLockResult.txt",
			);
			runOnlyForDeploymentPostprocessing = 0;
			shellPath = /bin/sh;
			shellScript = "diff \"${PODS_PODFILE_DIR_PATH}/Podfile.lock\" \"${PODS_ROOT}/Manifest.lock\" > /dev/null\nif [ $? != 0 ] ; then\n    # print error to STDERR\n    echo \"error: The sandbox is not in sync with the Podfile.lock. Run 'pod install' or update your CocoaPods installation.\" >&2\n    exit 1\nfi\n# This output is used by Xcode 'outputs' to avoid re-running this script phase.\necho \"SUCCESS\" > \"${SCRIPT_OUTPUT_FILE_0}\"\n";
			showEnvVarsInLog = 0;
		};
		132914EE6EE903EE64DF5C24 /* [CP] Embed Pods Frameworks */ = {
			isa = PBXShellScriptBuildPhase;
			buildActionMask = 2147483647;
			files = (
			);
			inputFileListPaths = (
				"${PODS_ROOT}/Target Support Files/Pods-RockPaperScissors/Pods-RockPaperScissors-frameworks-${CONFIGURATION}-input-files.xcfilelist",
			);
			name = "[CP] Embed Pods Frameworks";
			outputFileListPaths = (
				"${PODS_ROOT}/Target Support Files/Pods-RockPaperScissors/Pods-RockPaperScissors-frameworks-${CONFIGURATION}-output-files.xcfilelist",
			);
			runOnlyForDeploymentPostprocessing = 0;
			shellPath = /bin/sh;
			shellScript = "\"${PODS_ROOT}/Target Support Files/Pods-RockPaperScissors/Pods-RockPaperScissors-frameworks.sh\"\n";
			showEnvVarsInLog = 0;
		};
		2F53B89BFF2F83C634CB4A51 /* [CP] Embed Pods Frameworks */ = {
			isa = PBXShellScriptBuildPhase;
			buildActionMask = 2147483647;
			files = (
			);
			inputFileListPaths = (
				"${PODS_ROOT}/Target Support Files/Pods-RockPaperScissors-RockPaperScissorsUITests/Pods-RockPaperScissors-RockPaperScissorsUITests-frameworks-${CONFIGURATION}-input-files.xcfilelist",
			);
			name = "[CP] Embed Pods Frameworks";
			outputFileListPaths = (
				"${PODS_ROOT}/Target Support Files/Pods-RockPaperScissors-RockPaperScissorsUITests/Pods-RockPaperScissors-RockPaperScissorsUITests-frameworks-${CONFIGURATION}-output-files.xcfilelist",
			);
			runOnlyForDeploymentPostprocessing = 0;
			shellPath = /bin/sh;
			shellScript = "\"${PODS_ROOT}/Target Support Files/Pods-RockPaperScissors-RockPaperScissorsUITests/Pods-RockPaperScissors-RockPaperScissorsUITests-frameworks.sh\"\n";
			showEnvVarsInLog = 0;
		};
		5DAF420C2F2C70FFA7DEA541 /* [CP] Check Pods Manifest.lock */ = {
			isa = PBXShellScriptBuildPhase;
			buildActionMask = 2147483647;
			files = (
			);
			inputFileListPaths = (
			);
			inputPaths = (
				"${PODS_PODFILE_DIR_PATH}/Podfile.lock",
				"${PODS_ROOT}/Manifest.lock",
			);
			name = "[CP] Check Pods Manifest.lock";
			outputFileListPaths = (
			);
			outputPaths = (
				"$(DERIVED_FILE_DIR)/Pods-RockPaperScissors-checkManifestLockResult.txt",
			);
			runOnlyForDeploymentPostprocessing = 0;
			shellPath = /bin/sh;
			shellScript = "diff \"${PODS_PODFILE_DIR_PATH}/Podfile.lock\" \"${PODS_ROOT}/Manifest.lock\" > /dev/null\nif [ $? != 0 ] ; then\n    # print error to STDERR\n    echo \"error: The sandbox is not in sync with the Podfile.lock. Run 'pod install' or update your CocoaPods installation.\" >&2\n    exit 1\nfi\n# This output is used by Xcode 'outputs' to avoid re-running this script phase.\necho \"SUCCESS\" > \"${SCRIPT_OUTPUT_FILE_0}\"\n";
			showEnvVarsInLog = 0;
		};
		7C90B2B010DA620FA4F300BF /* [CP] Check Pods Manifest.lock */ = {
			isa = PBXShellScriptBuildPhase;
			buildActionMask = 2147483647;
			files = (
			);
			inputFileListPaths = (
			);
			inputPaths = (
				"${PODS_PODFILE_DIR_PATH}/Podfile.lock",
				"${PODS_ROOT}/Manifest.lock",
			);
			name = "[CP] Check Pods Manifest.lock";
			outputFileListPaths = (
			);
			outputPaths = (
				"$(DERIVED_FILE_DIR)/Pods-RockPaperScissors-RockPaperScissorsUITests-checkManifestLockResult.txt",
			);
			runOnlyForDeploymentPostprocessing = 0;
			shellPath = /bin/sh;
			shellScript = "diff \"${PODS_PODFILE_DIR_PATH}/Podfile.lock\" \"${PODS_ROOT}/Manifest.lock\" > /dev/null\nif [ $? != 0 ] ; then\n    # print error to STDERR\n    echo \"error: The sandbox is not in sync with the Podfile.lock. Run 'pod install' or update your CocoaPods installation.\" >&2\n    exit 1\nfi\n# This output is used by Xcode 'outputs' to avoid re-running this script phase.\necho \"SUCCESS\" > \"${SCRIPT_OUTPUT_FILE_0}\"\n";
			showEnvVarsInLog = 0;
		};
/* End PBXShellScriptBuildPhase section */

/* Begin PBXSourcesBuildPhase section */
		7095CB542784C5C5002C9911 /* Sources */ = {
			isa = PBXSourcesBuildPhase;
			buildActionMask = 2147483647;
			files = (
				70984A9C278DABE8004427AE /* GameViewModel.swift in Sources */,
				70D28E742785BEDC007886A2 /* RequestBuilder.swift in Sources */,
				70D28E792785BFE8007886A2 /* BTCResponse.swift in Sources */,
				7095CB5E2784C5C5002C9911 /* StartingView.swift in Sources */,
				70D28E772785BF3E007886A2 /* Network.swift in Sources */,
				70984A94278CC799004427AE /* GameView.swift in Sources */,
				70984A98278CCA3D004427AE /* BaseLoader.swift in Sources */,
				70984A9E278DAC14004427AE /* BaseViewModel.swift in Sources */,
				70984A90278CC66B004427AE /* BaseView.swift in Sources */,
				70984A96278CC993004427AE /* BaseTextLink.swift in Sources */,
				70984A92278CC6B1004427AE /* BaseAlert.swift in Sources */,
				70984AA6278DC98D004427AE /* ResultCalculator.swift in Sources */,
				70984AA4278DC43C004427AE /* TimeHelper.swift in Sources */,
				70984AA1278DB0A1004427AE /* Date+Extension.swift in Sources */,
				7095CB5C2784C5C5002C9911 /* RockPaperScissorsApp.swift in Sources */,
				70D28E7B2785C6AE007886A2 /* Repository.swift in Sources */,
			);
			runOnlyForDeploymentPostprocessing = 0;
		};
		7095CB642784C5C6002C9911 /* Sources */ = {
			isa = PBXSourcesBuildPhase;
			buildActionMask = 2147483647;
			files = (
				7095CB6D2784C5C6002C9911 /* RockPaperScissorsTests.swift in Sources */,
			);
			runOnlyForDeploymentPostprocessing = 0;
		};
		7095CB6E2784C5C6002C9911 /* Sources */ = {
			isa = PBXSourcesBuildPhase;
			buildActionMask = 2147483647;
			files = (
			);
			runOnlyForDeploymentPostprocessing = 0;
		};
/* End PBXSourcesBuildPhase section */

/* Begin PBXTargetDependency section */
		7095CB6A2784C5C6002C9911 /* PBXTargetDependency */ = {
			isa = PBXTargetDependency;
			target = 7095CB572784C5C5002C9911 /* RockPaperScissors */;
			targetProxy = 7095CB692784C5C6002C9911 /* PBXContainerItemProxy */;
		};
		7095CB742784C5C6002C9911 /* PBXTargetDependency */ = {
			isa = PBXTargetDependency;
			target = 7095CB572784C5C5002C9911 /* RockPaperScissors */;
			targetProxy = 7095CB732784C5C6002C9911 /* PBXContainerItemProxy */;
		};
/* End PBXTargetDependency section */

/* Begin XCBuildConfiguration section */
		7095CB7A2784C5C6002C9911 /* Debug */ = {
			isa = XCBuildConfiguration;
			buildSettings = {
				ALWAYS_SEARCH_USER_PATHS = NO;
				CLANG_ANALYZER_NONNULL = YES;
				CLANG_ANALYZER_NUMBER_OBJECT_CONVERSION = YES_AGGRESSIVE;
				CLANG_CXX_LANGUAGE_STANDARD = "gnu++17";
				CLANG_CXX_LIBRARY = "libc++";
				CLANG_ENABLE_MODULES = YES;
				CLANG_ENABLE_OBJC_ARC = YES;
				CLANG_ENABLE_OBJC_WEAK = YES;
				CLANG_WARN_BLOCK_CAPTURE_AUTORELEASING = YES;
				CLANG_WARN_BOOL_CONVERSION = YES;
				CLANG_WARN_COMMA = YES;
				CLANG_WARN_CONSTANT_CONVERSION = YES;
				CLANG_WARN_DEPRECATED_OBJC_IMPLEMENTATIONS = YES;
				CLANG_WARN_DIRECT_OBJC_ISA_USAGE = YES_ERROR;
				CLANG_WARN_DOCUMENTATION_COMMENTS = YES;
				CLANG_WARN_EMPTY_BODY = YES;
				CLANG_WARN_ENUM_CONVERSION = YES;
				CLANG_WARN_INFINITE_RECURSION = YES;
				CLANG_WARN_INT_CONVERSION = YES;
				CLANG_WARN_NON_LITERAL_NULL_CONVERSION = YES;
				CLANG_WARN_OBJC_IMPLICIT_RETAIN_SELF = YES;
				CLANG_WARN_OBJC_LITERAL_CONVERSION = YES;
				CLANG_WARN_OBJC_ROOT_CLASS = YES_ERROR;
				CLANG_WARN_QUOTED_INCLUDE_IN_FRAMEWORK_HEADER = YES;
				CLANG_WARN_RANGE_LOOP_ANALYSIS = YES;
				CLANG_WARN_STRICT_PROTOTYPES = YES;
				CLANG_WARN_SUSPICIOUS_MOVE = YES;
				CLANG_WARN_UNGUARDED_AVAILABILITY = YES_AGGRESSIVE;
				CLANG_WARN_UNREACHABLE_CODE = YES;
				CLANG_WARN__DUPLICATE_METHOD_MATCH = YES;
				COPY_PHASE_STRIP = NO;
				DEBUG_INFORMATION_FORMAT = dwarf;
				ENABLE_STRICT_OBJC_MSGSEND = YES;
				ENABLE_TESTABILITY = YES;
				GCC_C_LANGUAGE_STANDARD = gnu11;
				GCC_DYNAMIC_NO_PIC = NO;
				GCC_NO_COMMON_BLOCKS = YES;
				GCC_OPTIMIZATION_LEVEL = 0;
				GCC_PREPROCESSOR_DEFINITIONS = (
					"DEBUG=1",
					"$(inherited)",
				);
				GCC_WARN_64_TO_32_BIT_CONVERSION = YES;
				GCC_WARN_ABOUT_RETURN_TYPE = YES_ERROR;
				GCC_WARN_UNDECLARED_SELECTOR = YES;
				GCC_WARN_UNINITIALIZED_AUTOS = YES_AGGRESSIVE;
				GCC_WARN_UNUSED_FUNCTION = YES;
				GCC_WARN_UNUSED_VARIABLE = YES;
				IPHONEOS_DEPLOYMENT_TARGET = 15.2;
				MTL_ENABLE_DEBUG_INFO = INCLUDE_SOURCE;
				MTL_FAST_MATH = YES;
				ONLY_ACTIVE_ARCH = YES;
				SDKROOT = iphoneos;
				SWIFT_ACTIVE_COMPILATION_CONDITIONS = DEBUG;
				SWIFT_OPTIMIZATION_LEVEL = "-Onone";
			};
			name = Debug;
		};
		7095CB7B2784C5C6002C9911 /* Release */ = {
			isa = XCBuildConfiguration;
			buildSettings = {
				ALWAYS_SEARCH_USER_PATHS = NO;
				CLANG_ANALYZER_NONNULL = YES;
				CLANG_ANALYZER_NUMBER_OBJECT_CONVERSION = YES_AGGRESSIVE;
				CLANG_CXX_LANGUAGE_STANDARD = "gnu++17";
				CLANG_CXX_LIBRARY = "libc++";
				CLANG_ENABLE_MODULES = YES;
				CLANG_ENABLE_OBJC_ARC = YES;
				CLANG_ENABLE_OBJC_WEAK = YES;
				CLANG_WARN_BLOCK_CAPTURE_AUTORELEASING = YES;
				CLANG_WARN_BOOL_CONVERSION = YES;
				CLANG_WARN_COMMA = YES;
				CLANG_WARN_CONSTANT_CONVERSION = YES;
				CLANG_WARN_DEPRECATED_OBJC_IMPLEMENTATIONS = YES;
				CLANG_WARN_DIRECT_OBJC_ISA_USAGE = YES_ERROR;
				CLANG_WARN_DOCUMENTATION_COMMENTS = YES;
				CLANG_WARN_EMPTY_BODY = YES;
				CLANG_WARN_ENUM_CONVERSION = YES;
				CLANG_WARN_INFINITE_RECURSION = YES;
				CLANG_WARN_INT_CONVERSION = YES;
				CLANG_WARN_NON_LITERAL_NULL_CONVERSION = YES;
				CLANG_WARN_OBJC_IMPLICIT_RETAIN_SELF = YES;
				CLANG_WARN_OBJC_LITERAL_CONVERSION = YES;
				CLANG_WARN_OBJC_ROOT_CLASS = YES_ERROR;
				CLANG_WARN_QUOTED_INCLUDE_IN_FRAMEWORK_HEADER = YES;
				CLANG_WARN_RANGE_LOOP_ANALYSIS = YES;
				CLANG_WARN_STRICT_PROTOTYPES = YES;
				CLANG_WARN_SUSPICIOUS_MOVE = YES;
				CLANG_WARN_UNGUARDED_AVAILABILITY = YES_AGGRESSIVE;
				CLANG_WARN_UNREACHABLE_CODE = YES;
				CLANG_WARN__DUPLICATE_METHOD_MATCH = YES;
				COPY_PHASE_STRIP = NO;
				DEBUG_INFORMATION_FORMAT = "dwarf-with-dsym";
				ENABLE_NS_ASSERTIONS = NO;
				ENABLE_STRICT_OBJC_MSGSEND = YES;
				GCC_C_LANGUAGE_STANDARD = gnu11;
				GCC_NO_COMMON_BLOCKS = YES;
				GCC_WARN_64_TO_32_BIT_CONVERSION = YES;
				GCC_WARN_ABOUT_RETURN_TYPE = YES_ERROR;
				GCC_WARN_UNDECLARED_SELECTOR = YES;
				GCC_WARN_UNINITIALIZED_AUTOS = YES_AGGRESSIVE;
				GCC_WARN_UNUSED_FUNCTION = YES;
				GCC_WARN_UNUSED_VARIABLE = YES;
				IPHONEOS_DEPLOYMENT_TARGET = 15.2;
				MTL_ENABLE_DEBUG_INFO = NO;
				MTL_FAST_MATH = YES;
				SDKROOT = iphoneos;
				SWIFT_COMPILATION_MODE = wholemodule;
				SWIFT_OPTIMIZATION_LEVEL = "-O";
				VALIDATE_PRODUCT = YES;
			};
			name = Release;
		};
		7095CB7D2784C5C6002C9911 /* Debug */ = {
			isa = XCBuildConfiguration;
			baseConfigurationReference = CB0B75106DA5950AFAFF1E7E /* Pods-RockPaperScissors.debug.xcconfig */;
			buildSettings = {
				ASSETCATALOG_COMPILER_APPICON_NAME = AppIcon;
				ASSETCATALOG_COMPILER_GLOBAL_ACCENT_COLOR_NAME = AccentColor;
				CODE_SIGN_STYLE = Automatic;
				CURRENT_PROJECT_VERSION = 1;
				DEVELOPMENT_ASSET_PATHS = "\"RockPaperScissors/Preview Content\"";
				DEVELOPMENT_TEAM = 796P8B88K7;
				ENABLE_PREVIEWS = YES;
				GENERATE_INFOPLIST_FILE = YES;
				INFOPLIST_FILE = RockPaperScissors/Info.plist;
				INFOPLIST_KEY_UIApplicationSceneManifest_Generation = YES;
				INFOPLIST_KEY_UIApplicationSupportsIndirectInputEvents = YES;
				INFOPLIST_KEY_UILaunchScreen_Generation = YES;
				INFOPLIST_KEY_UISupportedInterfaceOrientations_iPad = "UIInterfaceOrientationPortrait UIInterfaceOrientationPortraitUpsideDown UIInterfaceOrientationLandscapeLeft UIInterfaceOrientationLandscapeRight";
				INFOPLIST_KEY_UISupportedInterfaceOrientations_iPhone = "UIInterfaceOrientationPortrait UIInterfaceOrientationLandscapeLeft UIInterfaceOrientationLandscapeRight";
				LD_RUNPATH_SEARCH_PATHS = (
					"$(inherited)",
					"@executable_path/Frameworks",
				);
				MARKETING_VERSION = 1.0;
				PRODUCT_BUNDLE_IDENTIFIER = com.giatrakis.RockPaperScissors;
				PRODUCT_NAME = "$(TARGET_NAME)";
				SWIFT_EMIT_LOC_STRINGS = YES;
				SWIFT_VERSION = 5.0;
				TARGETED_DEVICE_FAMILY = "1,2";
			};
			name = Debug;
		};
		7095CB7E2784C5C6002C9911 /* Release */ = {
			isa = XCBuildConfiguration;
			baseConfigurationReference = CAA451548FCDB6F9D050F918 /* Pods-RockPaperScissors.release.xcconfig */;
			buildSettings = {
				ASSETCATALOG_COMPILER_APPICON_NAME = AppIcon;
				ASSETCATALOG_COMPILER_GLOBAL_ACCENT_COLOR_NAME = AccentColor;
				CODE_SIGN_STYLE = Automatic;
				CURRENT_PROJECT_VERSION = 1;
				DEVELOPMENT_ASSET_PATHS = "\"RockPaperScissors/Preview Content\"";
				DEVELOPMENT_TEAM = 796P8B88K7;
				ENABLE_PREVIEWS = YES;
				GENERATE_INFOPLIST_FILE = YES;
				INFOPLIST_FILE = RockPaperScissors/Info.plist;
				INFOPLIST_KEY_UIApplicationSceneManifest_Generation = YES;
				INFOPLIST_KEY_UIApplicationSupportsIndirectInputEvents = YES;
				INFOPLIST_KEY_UILaunchScreen_Generation = YES;
				INFOPLIST_KEY_UISupportedInterfaceOrientations_iPad = "UIInterfaceOrientationPortrait UIInterfaceOrientationPortraitUpsideDown UIInterfaceOrientationLandscapeLeft UIInterfaceOrientationLandscapeRight";
				INFOPLIST_KEY_UISupportedInterfaceOrientations_iPhone = "UIInterfaceOrientationPortrait UIInterfaceOrientationLandscapeLeft UIInterfaceOrientationLandscapeRight";
				LD_RUNPATH_SEARCH_PATHS = (
					"$(inherited)",
					"@executable_path/Frameworks",
				);
				MARKETING_VERSION = 1.0;
				PRODUCT_BUNDLE_IDENTIFIER = com.giatrakis.RockPaperScissors;
				PRODUCT_NAME = "$(TARGET_NAME)";
				SWIFT_EMIT_LOC_STRINGS = YES;
				SWIFT_VERSION = 5.0;
				TARGETED_DEVICE_FAMILY = "1,2";
			};
			name = Release;
		};
		7095CB802784C5C6002C9911 /* Debug */ = {
			isa = XCBuildConfiguration;
			baseConfigurationReference = 40F0E50829158B170DB6B00F /* Pods-RockPaperScissorsTests.debug.xcconfig */;
			buildSettings = {
				ALWAYS_EMBED_SWIFT_STANDARD_LIBRARIES = YES;
				BUNDLE_LOADER = "$(TEST_HOST)";
				CODE_SIGN_STYLE = Automatic;
				CURRENT_PROJECT_VERSION = 1;
				DEVELOPMENT_TEAM = 796P8B88K7;
				GENERATE_INFOPLIST_FILE = YES;
				IPHONEOS_DEPLOYMENT_TARGET = 15.2;
				MARKETING_VERSION = 1.0;
				PRODUCT_BUNDLE_IDENTIFIER = com.giatrakis.RockPaperScissorsTests;
				PRODUCT_NAME = "$(TARGET_NAME)";
				SWIFT_EMIT_LOC_STRINGS = NO;
				SWIFT_VERSION = 5.0;
				TARGETED_DEVICE_FAMILY = "1,2";
				TEST_HOST = "$(BUILT_PRODUCTS_DIR)/RockPaperScissors.app/RockPaperScissors";
			};
			name = Debug;
		};
		7095CB812784C5C6002C9911 /* Release */ = {
			isa = XCBuildConfiguration;
			baseConfigurationReference = AEB63E9A00D7DBABC4E05507 /* Pods-RockPaperScissorsTests.release.xcconfig */;
			buildSettings = {
				ALWAYS_EMBED_SWIFT_STANDARD_LIBRARIES = YES;
				BUNDLE_LOADER = "$(TEST_HOST)";
				CODE_SIGN_STYLE = Automatic;
				CURRENT_PROJECT_VERSION = 1;
				DEVELOPMENT_TEAM = 796P8B88K7;
				GENERATE_INFOPLIST_FILE = YES;
				IPHONEOS_DEPLOYMENT_TARGET = 15.2;
				MARKETING_VERSION = 1.0;
				PRODUCT_BUNDLE_IDENTIFIER = com.giatrakis.RockPaperScissorsTests;
				PRODUCT_NAME = "$(TARGET_NAME)";
				SWIFT_EMIT_LOC_STRINGS = NO;
				SWIFT_VERSION = 5.0;
				TARGETED_DEVICE_FAMILY = "1,2";
				TEST_HOST = "$(BUILT_PRODUCTS_DIR)/RockPaperScissors.app/RockPaperScissors";
			};
			name = Release;
		};
		7095CB832784C5C6002C9911 /* Debug */ = {
			isa = XCBuildConfiguration;
			baseConfigurationReference = 547DE9C421849B8BB872C37E /* Pods-RockPaperScissors-RockPaperScissorsUITests.debug.xcconfig */;
			buildSettings = {
				ALWAYS_EMBED_SWIFT_STANDARD_LIBRARIES = YES;
				CODE_SIGN_STYLE = Automatic;
				CURRENT_PROJECT_VERSION = 1;
				DEVELOPMENT_TEAM = 796P8B88K7;
				GENERATE_INFOPLIST_FILE = YES;
				MARKETING_VERSION = 1.0;
				PRODUCT_BUNDLE_IDENTIFIER = com.giatrakis.RockPaperScissorsUITests;
				PRODUCT_NAME = "$(TARGET_NAME)";
				SWIFT_EMIT_LOC_STRINGS = NO;
				SWIFT_VERSION = 5.0;
				TARGETED_DEVICE_FAMILY = "1,2";
				TEST_TARGET_NAME = RockPaperScissors;
			};
			name = Debug;
		};
		7095CB842784C5C6002C9911 /* Release */ = {
			isa = XCBuildConfiguration;
			baseConfigurationReference = 5A81A460288A2C166CE43115 /* Pods-RockPaperScissors-RockPaperScissorsUITests.release.xcconfig */;
			buildSettings = {
				ALWAYS_EMBED_SWIFT_STANDARD_LIBRARIES = YES;
				CODE_SIGN_STYLE = Automatic;
				CURRENT_PROJECT_VERSION = 1;
				DEVELOPMENT_TEAM = 796P8B88K7;
				GENERATE_INFOPLIST_FILE = YES;
				MARKETING_VERSION = 1.0;
				PRODUCT_BUNDLE_IDENTIFIER = com.giatrakis.RockPaperScissorsUITests;
				PRODUCT_NAME = "$(TARGET_NAME)";
				SWIFT_EMIT_LOC_STRINGS = NO;
				SWIFT_VERSION = 5.0;
				TARGETED_DEVICE_FAMILY = "1,2";
				TEST_TARGET_NAME = RockPaperScissors;
			};
			name = Release;
		};
/* End XCBuildConfiguration section */

/* Begin XCConfigurationList section */
		7095CB532784C5C5002C9911 /* Build configuration list for PBXProject "RockPaperScissors" */ = {
			isa = XCConfigurationList;
			buildConfigurations = (
				7095CB7A2784C5C6002C9911 /* Debug */,
				7095CB7B2784C5C6002C9911 /* Release */,
			);
			defaultConfigurationIsVisible = 0;
			defaultConfigurationName = Release;
		};
		7095CB7C2784C5C6002C9911 /* Build configuration list for PBXNativeTarget "RockPaperScissors" */ = {
			isa = XCConfigurationList;
			buildConfigurations = (
				7095CB7D2784C5C6002C9911 /* Debug */,
				7095CB7E2784C5C6002C9911 /* Release */,
			);
			defaultConfigurationIsVisible = 0;
			defaultConfigurationName = Release;
		};
		7095CB7F2784C5C6002C9911 /* Build configuration list for PBXNativeTarget "RockPaperScissorsTests" */ = {
			isa = XCConfigurationList;
			buildConfigurations = (
				7095CB802784C5C6002C9911 /* Debug */,
				7095CB812784C5C6002C9911 /* Release */,
			);
			defaultConfigurationIsVisible = 0;
			defaultConfigurationName = Release;
		};
		7095CB822784C5C6002C9911 /* Build configuration list for PBXNativeTarget "RockPaperScissorsUITests" */ = {
			isa = XCConfigurationList;
			buildConfigurations = (
				7095CB832784C5C6002C9911 /* Debug */,
				7095CB842784C5C6002C9911 /* Release */,
			);
			defaultConfigurationIsVisible = 0;
			defaultConfigurationName = Release;
		};
/* End XCConfigurationList section */
	};
	rootObject = 7095CB502784C5C5002C9911 /* Project object */;
}
